
Microsoft Visual Studio Solution File, Format Version 12.00
# Visual Studio Version 17
VisualStudioVersion = 17.7.34031.279
MinimumVisualStudioVersion = 10.0.40219.1
Project("{FAE04EC0-301F-11D3-BF4B-00C04F79EFBC}") = "QuanLySach", "QuanLySach\QuanLySach.csproj", "{19A3239A-4363-49F9-AF18-CB8FF6C6324E}"
EndProject
Global
	GlobalSection(SolutionConfigurationPlatforms) = preSolution
		Debug|Any CPU = Debug|Any CPU
		Release|Any CPU = Release|Any CPU
	EndGlobalSection
	GlobalSection(ProjectConfigurationPlatforms) = postSolution
		{19A3239A-4363-49F9-AF18-CB8FF6C6324E}.Debug|Any CPU.ActiveCfg = Debug|Any CPU
		{19A3239A-4363-49F9-AF18-CB8FF6C6324E}.Debug|Any CPU.Build.0 = Debug|Any CPU
		{19A3239A-4363-49F9-AF18-CB8FF6C6324E}.Release|Any CPU.ActiveCfg = Release|Any CPU
		{19A3239A-4363-49F9-AF18-CB8FF6C6324E}.Release|Any CPU.Build.0 = Release|Any CPU
	EndGlobalSection
	GlobalSection(SolutionProperties) = preSolution
		HideSolutionNode = FALSE
	EndGlobalSection
	GlobalSection(ExtensibilityGlobals) = postSolution
		SolutionGuid = {85491B51-42F4-4773-9115-7DBE3A0303BD}
	EndGlobalSection
EndGlobal
